// !$*UTF8*$!
{
	archiveVersion = 1;
	classes = {
	};
	objectVersion = 56;
	objects = {

/* Begin PBXBuildFile section */
		BB1A6E052AB32B7A00113E2C /* AboutView.swift in Sources */ = {isa = PBXBuildFile; fileRef = BB1A6E042AB32B7A00113E2C /* AboutView.swift */; };
		BBC062772AB302AE0023FDEC /* RestaurantList.swift in Sources */ = {isa = PBXBuildFile; fileRef = BBC062762AB302AE0023FDEC /* RestaurantList.swift */; };
		BBC062792AB306DD0023FDEC /* RestaurantDetail.swift in Sources */ = {isa = PBXBuildFile; fileRef = BBC062782AB306DD0023FDEC /* RestaurantDetail.swift */; };
		BBC0627B2AB3090B0023FDEC /* MenuRow.swift in Sources */ = {isa = PBXBuildFile; fileRef = BBC0627A2AB3090B0023FDEC /* MenuRow.swift */; };
		BBC0627D2AB30FB10023FDEC /* CategoryRow.swift in Sources */ = {isa = PBXBuildFile; fileRef = BBC0627C2AB30FB10023FDEC /* CategoryRow.swift */; };
		BBD6DA202AB00C7400DAA2F7 /* PopinaApp.swift in Sources */ = {isa = PBXBuildFile; fileRef = BBD6DA1F2AB00C7400DAA2F7 /* PopinaApp.swift */; };
		BBD6DA222AB00C7400DAA2F7 /* ContentView.swift in Sources */ = {isa = PBXBuildFile; fileRef = BBD6DA212AB00C7400DAA2F7 /* ContentView.swift */; };
		BBD6DA242AB00C7500DAA2F7 /* Assets.xcassets in Resources */ = {isa = PBXBuildFile; fileRef = BBD6DA232AB00C7500DAA2F7 /* Assets.xcassets */; };
		BBD6DA272AB00C7500DAA2F7 /* Preview Assets.xcassets in Resources */ = {isa = PBXBuildFile; fileRef = BBD6DA262AB00C7500DAA2F7 /* Preview Assets.xcassets */; };
		BBD6DA2E2AB0177B00DAA2F7 /* Restaurants.swift in Sources */ = {isa = PBXBuildFile; fileRef = BBD6DA2D2AB0177B00DAA2F7 /* Restaurants.swift */; };
		BBD6DA302AB01A9400DAA2F7 /* RestaurantRow.swift in Sources */ = {isa = PBXBuildFile; fileRef = BBD6DA2F2AB01A9400DAA2F7 /* RestaurantRow.swift */; };
/* End PBXBuildFile section */

/* Begin PBXFileReference section */
		BB1A6E042AB32B7A00113E2C /* AboutView.swift */ = {isa = PBXFileReference; lastKnownFileType = sourcecode.swift; path = AboutView.swift; sourceTree = "<group>"; };
		BBC062762AB302AE0023FDEC /* RestaurantList.swift */ = {isa = PBXFileReference; lastKnownFileType = sourcecode.swift; path = RestaurantList.swift; sourceTree = "<group>"; };
		BBC062782AB306DD0023FDEC /* RestaurantDetail.swift */ = {isa = PBXFileReference; lastKnownFileType = sourcecode.swift; path = RestaurantDetail.swift; sourceTree = "<group>"; };
		BBC0627A2AB3090B0023FDEC /* MenuRow.swift */ = {isa = PBXFileReference; lastKnownFileType = sourcecode.swift; path = MenuRow.swift; sourceTree = "<group>"; };
		BBC0627C2AB30FB10023FDEC /* CategoryRow.swift */ = {isa = PBXFileReference; lastKnownFileType = sourcecode.swift; path = CategoryRow.swift; sourceTree = "<group>"; };
		BBD6DA1C2AB00C7400DAA2F7 /* Popina.app */ = {isa = PBXFileReference; explicitFileType = wrapper.application; includeInIndex = 0; path = Popina.app; sourceTree = BUILT_PRODUCTS_DIR; };
		BBD6DA1F2AB00C7400DAA2F7 /* PopinaApp.swift */ = {isa = PBXFileReference; lastKnownFileType = sourcecode.swift; path = PopinaApp.swift; sourceTree = "<group>"; };
		BBD6DA212AB00C7400DAA2F7 /* ContentView.swift */ = {isa = PBXFileReference; lastKnownFileType = sourcecode.swift; path = ContentView.swift; sourceTree = "<group>"; };
		BBD6DA232AB00C7500DAA2F7 /* Assets.xcassets */ = {isa = PBXFileReference; lastKnownFileType = folder.assetcatalog; path = Assets.xcassets; sourceTree = "<group>"; };
		BBD6DA262AB00C7500DAA2F7 /* Preview Assets.xcassets */ = {isa = PBXFileReference; lastKnownFileType = folder.assetcatalog; path = "Preview Assets.xcassets"; sourceTree = "<group>"; };
		BBD6DA2D2AB0177B00DAA2F7 /* Restaurants.swift */ = {isa = PBXFileReference; lastKnownFileType = sourcecode.swift; path = Restaurants.swift; sourceTree = "<group>"; };
		BBD6DA2F2AB01A9400DAA2F7 /* RestaurantRow.swift */ = {isa = PBXFileReference; lastKnownFileType = sourcecode.swift; path = RestaurantRow.swift; sourceTree = "<group>"; };
/* End PBXFileReference section */

/* Begin PBXFrameworksBuildPhase section */
		BBD6DA192AB00C7400DAA2F7 /* Frameworks */ = {
			isa = PBXFrameworksBuildPhase;
			buildActionMask = 2147483647;
			files = (
			);
			runOnlyForDeploymentPostprocessing = 0;
		};
/* End PBXFrameworksBuildPhase section */

/* Begin PBXGroup section */
		BBD6DA132AB00C7400DAA2F7 = {
			isa = PBXGroup;
			children = (
				BBD6DA1E2AB00C7400DAA2F7 /* Popina */,
				BBD6DA1D2AB00C7400DAA2F7 /* Products */,
			);
			sourceTree = "<group>";
		};
		BBD6DA1D2AB00C7400DAA2F7 /* Products */ = {
			isa = PBXGroup;
			children = (
				BBD6DA1C2AB00C7400DAA2F7 /* Popina.app */,
			);
			name = Products;
			sourceTree = "<group>";
		};
		BBD6DA1E2AB00C7400DAA2F7 /* Popina */ = {
			isa = PBXGroup;
			children = (
				BBD6DA1F2AB00C7400DAA2F7 /* PopinaApp.swift */,
				BBD6DA212AB00C7400DAA2F7 /* ContentView.swift */,
				BBD6DA232AB00C7500DAA2F7 /* Assets.xcassets */,
				BBD6DA252AB00C7500DAA2F7 /* Preview Content */,
				BBD6DA2D2AB0177B00DAA2F7 /* Restaurants.swift */,
				BBD6DA2F2AB01A9400DAA2F7 /* RestaurantRow.swift */,
				BBC062762AB302AE0023FDEC /* RestaurantList.swift */,
				BBC062782AB306DD0023FDEC /* RestaurantDetail.swift */,
				BBC0627A2AB3090B0023FDEC /* MenuRow.swift */,
				BBC0627C2AB30FB10023FDEC /* CategoryRow.swift */,
				BB1A6E042AB32B7A00113E2C /* AboutView.swift */,
			);
			path = Popina;
			sourceTree = "<group>";
		};
		BBD6DA252AB00C7500DAA2F7 /* Preview Content */ = {
			isa = PBXGroup;
			children = (
				BBD6DA262AB00C7500DAA2F7 /* Preview Assets.xcassets */,
			);
			path = "Preview Content";
			sourceTree = "<group>";
		};
/* End PBXGroup section */

/* Begin PBXNativeTarget section */
		BBD6DA1B2AB00C7400DAA2F7 /* Popina */ = {
			isa = PBXNativeTarget;
			buildConfigurationList = BBD6DA2A2AB00C7500DAA2F7 /* Build configuration list for PBXNativeTarget "Popina" */;
			buildPhases = (
				BBD6DA182AB00C7400DAA2F7 /* Sources */,
				BBD6DA192AB00C7400DAA2F7 /* Frameworks */,
				BBD6DA1A2AB00C7400DAA2F7 /* Resources */,
			);
			buildRules = (
			);
			dependencies = (
			);
			name = Popina;
			productName = Popina;
			productReference = BBD6DA1C2AB00C7400DAA2F7 /* Popina.app */;
			productType = "com.apple.product-type.application";
		};
/* End PBXNativeTarget section */

/* Begin PBXProject section */
		BBD6DA142AB00C7400DAA2F7 /* Project object */ = {
			isa = PBXProject;
			attributes = {
				BuildIndependentTargetsInParallel = 1;
				LastSwiftUpdateCheck = 1430;
				LastUpgradeCheck = 1430;
				TargetAttributes = {
					BBD6DA1B2AB00C7400DAA2F7 = {
						CreatedOnToolsVersion = 14.3.1;
					};
				};
			};
			buildConfigurationList = BBD6DA172AB00C7400DAA2F7 /* Build configuration list for PBXProject "Popina" */;
			compatibilityVersion = "Xcode 14.0";
			developmentRegion = en;
			hasScannedForEncodings = 0;
			knownRegions = (
				en,
				Base,
			);
			mainGroup = BBD6DA132AB00C7400DAA2F7;
			productRefGroup = BBD6DA1D2AB00C7400DAA2F7 /* Products */;
			projectDirPath = "";
			projectRoot = "";
			targets = (
				BBD6DA1B2AB00C7400DAA2F7 /* Popina */,
			);
		};
/* End PBXProject section */

/* Begin PBXResourcesBuildPhase section */
		BBD6DA1A2AB00C7400DAA2F7 /* Resources */ = {
			isa = PBXResourcesBuildPhase;
			buildActionMask = 2147483647;
			files = (
				BBD6DA272AB00C7500DAA2F7 /* Preview Assets.xcassets in Resources */,
				BBD6DA242AB00C7500DAA2F7 /* Assets.xcassets in Resources */,
			);
			runOnlyForDeploymentPostprocessing = 0;
		};
/* End PBXResourcesBuildPhase section */

/* Begin PBXSourcesBuildPhase section */
		BBD6DA182AB00C7400DAA2F7 /* Sources */ = {
			isa = PBXSourcesBuildPhase;
			buildActionMask = 2147483647;
			files = (
				BBC062772AB302AE0023FDEC /* RestaurantList.swift in Sources */,
				BBC0627B2AB3090B0023FDEC /* MenuRow.swift in Sources */,
				BBC0627D2AB30FB10023FDEC /* CategoryRow.swift in Sources */,
				BBD6DA222AB00C7400DAA2F7 /* ContentView.swift in Sources */,
				BBD6DA2E2AB0177B00DAA2F7 /* Restaurants.swift in Sources */,
				BBC062792AB306DD0023FDEC /* RestaurantDetail.swift in Sources */,
				BBD6DA202AB00C7400DAA2F7 /* PopinaApp.swift in Sources */,
				BB1A6E052AB32B7A00113E2C /* AboutView.swift in Sources */,
				BBD6DA302AB01A9400DAA2F7 /* RestaurantRow.swift in Sources */,
			);
			runOnlyForDeploymentPostprocessing = 0;
		};
/* End PBXSourcesBuildPhase section */

/* Begin XCBuildConfiguration section */
		BBD6DA282AB00C7500DAA2F7 /* Debug */ = {
			isa = XCBuildConfiguration;
			buildSettings = {
				ALWAYS_SEARCH_USER_PATHS = NO;
				CLANG_ANALYZER_NONNULL = YES;
				CLANG_ANALYZER_NUMBER_OBJECT_CONVERSION = YES_AGGRESSIVE;
				CLANG_CXX_LANGUAGE_STANDARD = "gnu++20";
				CLANG_ENABLE_MODULES = YES;
				CLANG_ENABLE_OBJC_ARC = YES;
				CLANG_ENABLE_OBJC_WEAK = YES;
				CLANG_WARN_BLOCK_CAPTURE_AUTORELEASING = YES;
				CLANG_WARN_BOOL_CONVERSION = YES;
				CLANG_WARN_COMMA = YES;
				CLANG_WARN_CONSTANT_CONVERSION = YES;
				CLANG_WARN_DEPRECATED_OBJC_IMPLEMENTATIONS = YES;
				CLANG_WARN_DIRECT_OBJC_ISA_USAGE = YES_ERROR;
				CLANG_WARN_DOCUMENTATION_COMMENTS = YES;
				CLANG_WARN_EMPTY_BODY = YES;
				CLANG_WARN_ENUM_CONVERSION = YES;
				CLANG_WARN_INFINITE_RECURSION = YES;
				CLANG_WARN_INT_CONVERSION = YES;
				CLANG_WARN_NON_LITERAL_NULL_CONVERSION = YES;
				CLANG_WARN_OBJC_IMPLICIT_RETAIN_SELF = YES;
				CLANG_WARN_OBJC_LITERAL_CONVERSION = YES;
				CLANG_WARN_OBJC_ROOT_CLASS = YES_ERROR;
				CLANG_WARN_QUOTED_INCLUDE_IN_FRAMEWORK_HEADER = YES;
				CLANG_WARN_RANGE_LOOP_ANALYSIS = YES;
				CLANG_WARN_STRICT_PROTOTYPES = YES;
				CLANG_WARN_SUSPICIOUS_MOVE = YES;
				CLANG_WARN_UNGUARDED_AVAILABILITY = YES_AGGRESSIVE;
				CLANG_WARN_UNREACHABLE_CODE = YES;
				CLANG_WARN__DUPLICATE_METHOD_MATCH = YES;
				COPY_PHASE_STRIP = NO;
				DEBUG_INFORMATION_FORMAT = dwarf;
				ENABLE_STRICT_OBJC_MSGSEND = YES;
				ENABLE_TESTABILITY = YES;
				GCC_C_LANGUAGE_STANDARD = gnu11;
				GCC_DYNAMIC_NO_PIC = NO;
				GCC_NO_COMMON_BLOCKS = YES;
				GCC_OPTIMIZATION_LEVEL = 0;
				GCC_PREPROCESSOR_DEFINITIONS = (
					"DEBUG=1",
					"$(inherited)",
				);
				GCC_WARN_64_TO_32_BIT_CONVERSION = YES;
				GCC_WARN_ABOUT_RETURN_TYPE = YES_ERROR;
				GCC_WARN_UNDECLARED_SELECTOR = YES;
				GCC_WARN_UNINITIALIZED_AUTOS = YES_AGGRESSIVE;
				GCC_WARN_UNUSED_FUNCTION = YES;
				GCC_WARN_UNUSED_VARIABLE = YES;
				IPHONEOS_DEPLOYMENT_TARGET = 16.4;
				MTL_ENABLE_DEBUG_INFO = INCLUDE_SOURCE;
				MTL_FAST_MATH = YES;
				ONLY_ACTIVE_ARCH = YES;
				SDKROOT = iphoneos;
				SWIFT_ACTIVE_COMPILATION_CONDITIONS = DEBUG;
				SWIFT_OPTIMIZATION_LEVEL = "-Onone";
			};
			name = Debug;
		};
		BBD6DA292AB00C7500DAA2F7 /* Release */ = {
			isa = XCBuildConfiguration;
			buildSettings = {
				ALWAYS_SEARCH_USER_PATHS = NO;
				CLANG_ANALYZER_NONNULL = YES;
				CLANG_ANALYZER_NUMBER_OBJECT_CONVERSION = YES_AGGRESSIVE;
				CLANG_CXX_LANGUAGE_STANDARD = "gnu++20";
				CLANG_ENABLE_MODULES = YES;
				CLANG_ENABLE_OBJC_ARC = YES;
				CLANG_ENABLE_OBJC_WEAK = YES;
				CLANG_WARN_BLOCK_CAPTURE_AUTORELEASING = YES;
				CLANG_WARN_BOOL_CONVERSION = YES;
				CLANG_WARN_COMMA = YES;
				CLANG_WARN_CONSTANT_CONVERSION = YES;
				CLANG_WARN_DEPRECATED_OBJC_IMPLEMENTATIONS = YES;
				CLANG_WARN_DIRECT_OBJC_ISA_USAGE = YES_ERROR;
				CLANG_WARN_DOCUMENTATION_COMMENTS = YES;
				CLANG_WARN_EMPTY_BODY = YES;
				CLANG_WARN_ENUM_CONVERSION = YES;
				CLANG_WARN_INFINITE_RECURSION = YES;
				CLANG_WARN_INT_CONVERSION = YES;
				CLANG_WARN_NON_LITERAL_NULL_CONVERSION = YES;
				CLANG_WARN_OBJC_IMPLICIT_RETAIN_SELF = YES;
				CLANG_WARN_OBJC_LITERAL_CONVERSION = YES;
				CLANG_WARN_OBJC_ROOT_CLASS = YES_ERROR;
				CLANG_WARN_QUOTED_INCLUDE_IN_FRAMEWORK_HEADER = YES;
				CLANG_WARN_RANGE_LOOP_ANALYSIS = YES;
				CLANG_WARN_STRICT_PROTOTYPES = YES;
				CLANG_WARN_SUSPICIOUS_MOVE = YES;
				CLANG_WARN_UNGUARDED_AVAILABILITY = YES_AGGRESSIVE;
				CLANG_WARN_UNREACHABLE_CODE = YES;
				CLANG_WARN__DUPLICATE_METHOD_MATCH = YES;
				COPY_PHASE_STRIP = NO;
				DEBUG_INFORMATION_FORMAT = "dwarf-with-dsym";
				ENABLE_NS_ASSERTIONS = NO;
				ENABLE_STRICT_OBJC_MSGSEND = YES;
				GCC_C_LANGUAGE_STANDARD = gnu11;
				GCC_NO_COMMON_BLOCKS = YES;
				GCC_WARN_64_TO_32_BIT_CONVERSION = YES;
				GCC_WARN_ABOUT_RETURN_TYPE = YES_ERROR;
				GCC_WARN_UNDECLARED_SELECTOR = YES;
				GCC_WARN_UNINITIALIZED_AUTOS = YES_AGGRESSIVE;
				GCC_WARN_UNUSED_FUNCTION = YES;
				GCC_WARN_UNUSED_VARIABLE = YES;
				IPHONEOS_DEPLOYMENT_TARGET = 16.4;
				MTL_ENABLE_DEBUG_INFO = NO;
				MTL_FAST_MATH = YES;
				SDKROOT = iphoneos;
				SWIFT_COMPILATION_MODE = wholemodule;
				SWIFT_OPTIMIZATION_LEVEL = "-O";
				VALIDATE_PRODUCT = YES;
			};
			name = Release;
		};
		BBD6DA2B2AB00C7500DAA2F7 /* Debug */ = {
			isa = XCBuildConfiguration;
			buildSettings = {
				ASSETCATALOG_COMPILER_APPICON_NAME = AppIcon;
				ASSETCATALOG_COMPILER_GLOBAL_ACCENT_COLOR_NAME = AccentColor;
				CODE_SIGN_STYLE = Automatic;
				CURRENT_PROJECT_VERSION = 1;
				DEVELOPMENT_ASSET_PATHS = "\"Popina/Preview Content\"";
				ENABLE_PREVIEWS = YES;
				GENERATE_INFOPLIST_FILE = YES;
				INFOPLIST_KEY_UIApplicationSceneManifest_Generation = YES;
				INFOPLIST_KEY_UIApplicationSupportsIndirectInputEvents = YES;
				INFOPLIST_KEY_UILaunchScreen_Generation = YES;
				INFOPLIST_KEY_UISupportedInterfaceOrientations_iPad = "UIInterfaceOrientationPortrait UIInterfaceOrientationPortraitUpsideDown UIInterfaceOrientationLandscapeLeft UIInterfaceOrientationLandscapeRight";
				INFOPLIST_KEY_UISupportedInterfaceOrientations_iPhone = "UIInterfaceOrientationPortrait UIInterfaceOrientationLandscapeLeft UIInterfaceOrientationLandscapeRight";
				LD_RUNPATH_SEARCH_PATHS = (
					"$(inherited)",
					"@executable_path/Frameworks",
				);
				MARKETING_VERSION = 1.0;
				PRODUCT_BUNDLE_IDENTIFIER = com.andikas.dev.Popina;
				PRODUCT_NAME = "$(TARGET_NAME)";
				SWIFT_EMIT_LOC_STRINGS = YES;
				SWIFT_VERSION = 5.0;
				TARGETED_DEVICE_FAMILY = "1,2";
			};
			name = Debug;
		};
		BBD6DA2C2AB00C7500DAA2F7 /* Release */ = {
			isa = XCBuildConfiguration;
			buildSettings = {
				ASSETCATALOG_COMPILER_APPICON_NAME = AppIcon;
				ASSETCATALOG_COMPILER_GLOBAL_ACCENT_COLOR_NAME = AccentColor;
				CODE_SIGN_STYLE = Automatic;
				CURRENT_PROJECT_VERSION = 1;
				DEVELOPMENT_ASSET_PATHS = "\"Popina/Preview Content\"";
				ENABLE_PREVIEWS = YES;
				GENERATE_INFOPLIST_FILE = YES;
				INFOPLIST_KEY_UIApplicationSceneManifest_Generation = YES;
				INFOPLIST_KEY_UIApplicationSupportsIndirectInputEvents = YES;
				INFOPLIST_KEY_UILaunchScreen_Generation = YES;
				INFOPLIST_KEY_UISupportedInterfaceOrientations_iPad = "UIInterfaceOrientationPortrait UIInterfaceOrientationPortraitUpsideDown UIInterfaceOrientationLandscapeLeft UIInterfaceOrientationLandscapeRight";
				INFOPLIST_KEY_UISupportedInterfaceOrientations_iPhone = "UIInterfaceOrientationPortrait UIInterfaceOrientationLandscapeLeft UIInterfaceOrientationLandscapeRight";
				LD_RUNPATH_SEARCH_PATHS = (
					"$(inherited)",
					"@executable_path/Frameworks",
				);
				MARKETING_VERSION = 1.0;
				PRODUCT_BUNDLE_IDENTIFIER = com.andikas.dev.Popina;
				PRODUCT_NAME = "$(TARGET_NAME)";
				SWIFT_EMIT_LOC_STRINGS = YES;
				SWIFT_VERSION = 5.0;
				TARGETED_DEVICE_FAMILY = "1,2";
			};
			name = Release;
		};
/* End XCBuildConfiguration section */

/* Begin XCConfigurationList section */
		BBD6DA172AB00C7400DAA2F7 /* Build configuration list for PBXProject "Popina" */ = {
			isa = XCConfigurationList;
			buildConfigurations = (
				BBD6DA282AB00C7500DAA2F7 /* Debug */,
				BBD6DA292AB00C7500DAA2F7 /* Release */,
			);
			defaultConfigurationIsVisible = 0;
			defaultConfigurationName = Release;
		};
		BBD6DA2A2AB00C7500DAA2F7 /* Build configuration list for PBXNativeTarget "Popina" */ = {
			isa = XCConfigurationList;
			buildConfigurations = (
				BBD6DA2B2AB00C7500DAA2F7 /* Debug */,
				BBD6DA2C2AB00C7500DAA2F7 /* Release */,
			);
			defaultConfigurationIsVisible = 0;
			defaultConfigurationName = Release;
		};
/* End XCConfigurationList section */
	};
	rootObject = BBD6DA142AB00C7400DAA2F7 /* Project object */;
}
